// !$*UTF8*$!
{
	archiveVersion = 1;
	classes = {
	};
	objectVersion = 46;
	objects = {

/* Begin PBXBuildFile section */
		992CDF451CD514F400E5724A /* main.c in Sources */ = {isa = PBXBuildFile; fileRef = 992CDF441CD514F400E5724A /* main.c */; };
/* End PBXBuildFile section */

/* Begin PBXCopyFilesBuildPhase section */
		992CDF3F1CD514F400E5724A /* CopyFiles */ = {
			isa = PBXCopyFilesBuildPhase;
			buildActionMask = 2147483647;
			dstPath = /usr/share/man/man1/;
			dstSubfolderSpec = 0;
			files = (
			);
			runOnlyForDeploymentPostprocessing = 1;
		};
/* End PBXCopyFilesBuildPhase section */

/* Begin PBXFileReference section */
		992CDF411CD514F400E5724A /* CelsiusFahrenhiet */ = {isa = PBXFileReference; explicitFileType = "compiled.mach-o.executable"; includeInIndex = 0; path = CelsiusFahrenhiet; sourceTree = BUILT_PRODUCTS_DIR; };
		992CDF441CD514F400E5724A /* main.c */ = {isa = PBXFileReference; lastKnownFileType = sourcecode.c.c; path = main.c; sourceTree = "<group>"; };
/* End PBXFileReference section */

/* Begin PBXFrameworksBuildPhase section */
		992CDF3E1CD514F400E5724A /* Frameworks */ = {
			isa = PBXFrameworksBuildPhase;
			buildActionMask = 2147483647;
			files = (
			);
			runOnlyForDeploymentPostprocessing = 0;
		};
/* End PBXFrameworksBuildPhase section */

/* Begin PBXGroup section */
		992CDF381CD514F400E5724A = {
			isa = PBXGroup;
			children = (
				992CDF431CD514F400E5724A /* CelsiusFahrenhiet */,
				992CDF421CD514F400E5724A /* Products */,
			);
			sourceTree = "<group>";
		};
		992CDF421CD514F400E5724A /* Products */ = {
			isa = PBXGroup;
			children = (
				992CDF411CD514F400E5724A /* CelsiusFahrenhiet */,
			);
			name = Products;
			sourceTree = "<group>";
		};
		992CDF431CD514F400E5724A /* CelsiusFahrenhiet */ = {
			isa = PBXGroup;
			children = (
				992CDF441CD514F400E5724A /* main.c */,
			);
			path = CelsiusFahrenhiet;
			sourceTree = "<group>";
		};
/* End PBXGroup section */

/* Begin PBXNativeTarget section */
		992CDF401CD514F400E5724A /* CelsiusFahrenhiet */ = {
			isa = PBXNativeTarget;
			buildConfigurationList = 992CDF481CD514F400E5724A /* Build configuration list for PBXNativeTarget "CelsiusFahrenhiet" */;
			buildPhases = (
				992CDF3D1CD514F400E5724A /* Sources */,
				992CDF3E1CD514F400E5724A /* Frameworks */,
				992CDF3F1CD514F400E5724A /* CopyFiles */,
			);
			buildRules = (
			);
			dependencies = (
			);
			name = CelsiusFahrenhiet;
			productName = CelsiusFahrenhiet;
			productReference = 992CDF411CD514F400E5724A /* CelsiusFahrenhiet */;
			productType = "com.apple.product-type.tool";
		};
/* End PBXNativeTarget section */

/* Begin PBXProject section */
		992CDF391CD514F400E5724A /* Project object */ = {
			isa = PBXProject;
			attributes = {
				LastUpgradeCheck = 0730;
				ORGANIZATIONNAME = NewTypeLabs;
				TargetAttributes = {
					992CDF401CD514F400E5724A = {
						CreatedOnToolsVersion = 7.3;
					};
				};
			};
			buildConfigurationList = 992CDF3C1CD514F400E5724A /* Build configuration list for PBXProject "CelsiusFahrenhiet" */;
			compatibilityVersion = "Xcode 3.2";
			developmentRegion = English;
			hasScannedForEncodings = 0;
			knownRegions = (
				en,
			);
			mainGroup = 992CDF381CD514F400E5724A;
			productRefGroup = 992CDF421CD514F400E5724A /* Products */;
			projectDirPath = "";
			projectRoot = "";
			targets = (
				992CDF401CD514F400E5724A /* CelsiusFahrenhiet */,
			);
		};
/* End PBXProject section */

/* Begin PBXSourcesBuildPhase section */
		992CDF3D1CD514F400E5724A /* Sources */ = {
			isa = PBXSourcesBuildPhase;
			buildActionMask = 2147483647;
			files = (
				992CDF451CD514F400E5724A /* main.c in Sources */,
			);
			runOnlyForDeploymentPostprocessing = 0;
		};
/* End PBXSourcesBuildPhase section */

/* Begin XCBuildConfiguration section */
		992CDF461CD514F400E5724A /* Debug */ = {
			isa = XCBuildConfiguration;
			buildSettings = {
				ALWAYS_SEARCH_USER_PATHS = NO;
				CLANG_ANALYZER_NONNULL = YES;
				CLANG_CXX_LANGUAGE_STANDARD = "gnu++0x";
				CLANG_CXX_LIBRARY = "libc++";
				CLANG_ENABLE_MODULES = YES;
				CLANG_ENABLE_OBJC_ARC = YES;
				CLANG_WARN_BOOL_CONVERSION = YES;
				CLANG_WARN_CONSTANT_CONVERSION = YES;
				CLANG_WARN_DIRECT_OBJC_ISA_USAGE = YES_ERROR;
				CLANG_WARN_EMPTY_BODY = YES;
				CLANG_WARN_ENUM_CONVERSION = YES;
				CLANG_WARN_INT_CONVERSION = YES;
				CLANG_WARN_OBJC_ROOT_CLASS = YES_ERROR;
				CLANG_WARN_UNREACHABLE_CODE = YES;
				CLANG_WARN__DUPLICATE_METHOD_MATCH = YES;
				CODE_SIGN_IDENTITY = "-";
				COPY_PHASE_STRIP = NO;
				DEBUG_INFORMATION_FORMAT = dwarf;
				ENABLE_STRICT_OBJC_MSGSEND = YES;
				ENABLE_TESTABILITY = YES;
				GCC_C_LANGUAGE_STANDARD = gnu99;
				GCC_DYNAMIC_NO_PIC = NO;
				GCC_NO_COMMON_BLOCKS = YES;
				GCC_OPTIMIZATION_LEVEL = 0;
				GCC_PREPROCESSOR_DEFINITIONS = (
					"DEBUG=1",
					"$(inherited)",
				);
				GCC_WARN_64_TO_32_BIT_CONVERSION = YES;
				GCC_WARN_ABOUT_RETURN_TYPE = YES_ERROR;
				GCC_WARN_UNDECLARED_SELECTOR = YES;
				GCC_WARN_UNINITIALIZED_AUTOS = YES_AGGRESSIVE;
				GCC_WARN_UNUSED_FUNCTION = YES;
				GCC_WARN_UNUSED_VARIABLE = YES;
				MACOSX_DEPLOYMENT_TARGET = 10.11;
				MTL_ENABLE_DEBUG_INFO = YES;
				ONLY_ACTIVE_ARCH = YES;
				SDKROOT = macosx;
			};
			name = Debug;
		};
		992CDF471CD514F400E5724A /* Release */ = {
			isa = XCBuildConfiguration;
			buildSettings = {
				ALWAYS_SEARCH_USER_PATHS = NO;
				CLANG_ANALYZER_NONNULL = YES;
				CLANG_CXX_LANGUAGE_STANDARD = "gnu++0x";
				CLANG_CXX_LIBRARY = "libc++";
				CLANG_ENABLE_MODULES = YES;
				CLANG_ENABLE_OBJC_ARC = YES;
				CLANG_WARN_BOOL_CONVERSION = YES;
				CLANG_WARN_CONSTANT_CONVERSION = YES;
				CLANG_WARN_DIRECT_OBJC_ISA_USAGE = YES_ERROR;
				CLANG_WARN_EMPTY_BODY = YES;
				CLANG_WARN_ENUM_CONVERSION = YES;
				CLANG_WARN_INT_CONVERSION = YES;
				CLANG_WARN_OBJC_ROOT_CLASS = YES_ERROR;
				CLANG_WARN_UNREACHABLE_CODE = YES;
				CLANG_WARN__DUPLICATE_METHOD_MATCH = YES;
				CODE_SIGN_IDENTITY = "-";
				COPY_PHASE_STRIP = NO;
				DEBUG_INFORMATION_FORMAT = "dwarf-with-dsym";
				ENABLE_NS_ASSERTIONS = NO;
				ENABLE_STRICT_OBJC_MSGSEND = YES;
				GCC_C_LANGUAGE_STANDARD = gnu99;
				GCC_NO_COMMON_BLOCKS = YES;
				GCC_WARN_64_TO_32_BIT_CONVERSION = YES;
				GCC_WARN_ABOUT_RETURN_TYPE = YES_ERROR;
				GCC_WARN_UNDECLARED_SELECTOR = YES;
				GCC_WARN_UNINITIALIZED_AUTOS = YES_AGGRESSIVE;
				GCC_WARN_UNUSED_FUNCTION = YES;
				GCC_WARN_UNUSED_VARIABLE = YES;
				MACOSX_DEPLOYMENT_TARGET = 10.11;
				MTL_ENABLE_DEBUG_INFO = NO;
				SDKROOT = macosx;
			};
			name = Release;
		};
		992CDF491CD514F400E5724A /* Debug */ = {
			isa = XCBuildConfiguration;
			buildSettings = {
				PRODUCT_NAME = "$(TARGET_NAME)";
			};
			name = Debug;
		};
		992CDF4A1CD514F400E5724A /* Release */ = {
			isa = XCBuildConfiguration;
			buildSettings = {
				PRODUCT_NAME = "$(TARGET_NAME)";
			};
			name = Release;
		};
/* End XCBuildConfiguration section */

/* Begin XCConfigurationList section */
		992CDF3C1CD514F400E5724A /* Build configuration list for PBXProject "CelsiusFahrenhiet" */ = {
			isa = XCConfigurationList;
			buildConfigurations = (
				992CDF461CD514F400E5724A /* Debug */,
				992CDF471CD514F400E5724A /* Release */,
			);
			defaultConfigurationIsVisible = 0;
			defaultConfigurationName = Release;
		};
		992CDF481CD514F400E5724A /* Build configuration list for PBXNativeTarget "CelsiusFahrenhiet" */ = {
			isa = XCConfigurationList;
			buildConfigurations = (
				992CDF491CD514F400E5724A /* Debug */,
				992CDF4A1CD514F400E5724A /* Release */,
			);
			defaultConfigurationIsVisible = 0;
		};
/* End XCConfigurationList section */
	};
	rootObject = 992CDF391CD514F400E5724A /* Project object */;
}
